
Microsoft Visual Studio Solution File, Format Version 12.00
# Visual Studio Version 17
VisualStudioVersion = 17.13.35825.156
MinimumVisualStudioVersion = 10.0.40219.1
Project("{FAE04EC0-301F-11D3-BF4B-00C04F79EFBC}") = "CSharp_Study", "CSharp_Study\CSharp_Study.csproj", "{CC5659C0-C4E3-42BE-805C-B6E554C9CE45}"
EndProject
Project("{FAE04EC0-301F-11D3-BF4B-00C04F79EFBC}") = "ModLog", "ModLog\ModLog.csproj", "{3FFF6E27-E2E4-42BE-A1A9-29D249434D41}"
EndProject
Project("{FAE04EC0-301F-11D3-BF4B-00C04F79EFBC}") = "IndexerTest", "IndexerTest\IndexerTest.csproj", "{5F462BA9-E080-48C2-9221-07FD9DFCC3E8}"
EndProject
Project("{FAE04EC0-301F-11D3-BF4B-00C04F79EFBC}") = "MsgApp", "MsgAPp\MsgApp.csproj", "{0F36C593-7F20-416B-88DF-4698219C3F54}"
EndProject
Project("{FAE04EC0-301F-11D3-BF4B-00C04F79EFBC}") = "StaticTest", "StaticTest\StaticTest.csproj", "{5FA41E02-5679-4BB6-A173-4EB2330B6076}"
EndProject
Project("{FAE04EC0-301F-11D3-BF4B-00C04F79EFBC}") = "GenTest", "GenTest\GenTest.csproj", "{983E1F27-F376-48AF-AB10-1EC40C98A8CF}"
EndProject
Project("{FAE04EC0-301F-11D3-BF4B-00C04F79EFBC}") = "InterfaceTest", "InterfaceTest\InterfaceTest.csproj", "{6BFD2CEA-088E-4DEE-8607-90675AA517E1}"
EndProject
Project("{FAE04EC0-301F-11D3-BF4B-00C04F79EFBC}") = "DelegTest", "DelegTest\DelegTest.csproj", "{5398F12C-E010-4559-BBE3-627FF0E7F6CF}"
EndProject
Project("{FAE04EC0-301F-11D3-BF4B-00C04F79EFBC}") = "AnoMeth", "AnoMeth\AnoMeth.csproj", "{4FC426E3-D282-4F3A-A482-25E372AEB0A4}"
EndProject
Project("{FAE04EC0-301F-11D3-BF4B-00C04F79EFBC}") = "LambdaTest", "LambdaTest\LambdaTest.csproj", "{BA3B8F3A-AD1E-4E93-925C-370EF249C13B}"
EndProject
Project("{FAE04EC0-301F-11D3-BF4B-00C04F79EFBC}") = "AnonyType", "AnonyType\AnonyType.csproj", "{08293EDE-E09F-4E9C-AE10-3FD7FAE9ADD1}"
EndProject
Project("{FAE04EC0-301F-11D3-BF4B-00C04F79EFBC}") = "ExtMth", "ExtMth\ExtMth.csproj", "{D4420E42-2408-4747-A6F8-019CF8FF324D}"
EndProject
Project("{FAE04EC0-301F-11D3-BF4B-00C04F79EFBC}") = "DynTest", "DynTest\DynTest.csproj", "{7212F84C-E73A-48AF-91B9-C5AB38804B8D}"
EndProject
Project("{FAE04EC0-301F-11D3-BF4B-00C04F79EFBC}") = "AwaitTest", "AwaitTest\AwaitTest.csproj", "{0C64037B-B9F2-4E84-ACB0-7EFEF4C5D80B}"
EndProject
Global
	GlobalSection(SolutionConfigurationPlatforms) = preSolution
		Debug|Any CPU = Debug|Any CPU
		Release|Any CPU = Release|Any CPU
	EndGlobalSection
	GlobalSection(ProjectConfigurationPlatforms) = postSolution
		{CC5659C0-C4E3-42BE-805C-B6E554C9CE45}.Debug|Any CPU.ActiveCfg = Debug|Any CPU
		{CC5659C0-C4E3-42BE-805C-B6E554C9CE45}.Debug|Any CPU.Build.0 = Debug|Any CPU
		{CC5659C0-C4E3-42BE-805C-B6E554C9CE45}.Release|Any CPU.ActiveCfg = Release|Any CPU
		{CC5659C0-C4E3-42BE-805C-B6E554C9CE45}.Release|Any CPU.Build.0 = Release|Any CPU
		{3FFF6E27-E2E4-42BE-A1A9-29D249434D41}.Debug|Any CPU.ActiveCfg = Debug|Any CPU
		{3FFF6E27-E2E4-42BE-A1A9-29D249434D41}.Debug|Any CPU.Build.0 = Debug|Any CPU
		{3FFF6E27-E2E4-42BE-A1A9-29D249434D41}.Release|Any CPU.ActiveCfg = Release|Any CPU
		{3FFF6E27-E2E4-42BE-A1A9-29D249434D41}.Release|Any CPU.Build.0 = Release|Any CPU
		{5F462BA9-E080-48C2-9221-07FD9DFCC3E8}.Debug|Any CPU.ActiveCfg = Debug|Any CPU
		{5F462BA9-E080-48C2-9221-07FD9DFCC3E8}.Debug|Any CPU.Build.0 = Debug|Any CPU
		{5F462BA9-E080-48C2-9221-07FD9DFCC3E8}.Release|Any CPU.ActiveCfg = Release|Any CPU
		{5F462BA9-E080-48C2-9221-07FD9DFCC3E8}.Release|Any CPU.Build.0 = Release|Any CPU
		{0F36C593-7F20-416B-88DF-4698219C3F54}.Debug|Any CPU.ActiveCfg = Debug|Any CPU
		{0F36C593-7F20-416B-88DF-4698219C3F54}.Debug|Any CPU.Build.0 = Debug|Any CPU
		{0F36C593-7F20-416B-88DF-4698219C3F54}.Release|Any CPU.ActiveCfg = Release|Any CPU
		{0F36C593-7F20-416B-88DF-4698219C3F54}.Release|Any CPU.Build.0 = Release|Any CPU
		{5FA41E02-5679-4BB6-A173-4EB2330B6076}.Debug|Any CPU.ActiveCfg = Debug|Any CPU
		{5FA41E02-5679-4BB6-A173-4EB2330B6076}.Debug|Any CPU.Build.0 = Debug|Any CPU
		{5FA41E02-5679-4BB6-A173-4EB2330B6076}.Release|Any CPU.ActiveCfg = Release|Any CPU
		{5FA41E02-5679-4BB6-A173-4EB2330B6076}.Release|Any CPU.Build.0 = Release|Any CPU
		{983E1F27-F376-48AF-AB10-1EC40C98A8CF}.Debug|Any CPU.ActiveCfg = Debug|Any CPU
		{983E1F27-F376-48AF-AB10-1EC40C98A8CF}.Debug|Any CPU.Build.0 = Debug|Any CPU
		{983E1F27-F376-48AF-AB10-1EC40C98A8CF}.Release|Any CPU.ActiveCfg = Release|Any CPU
		{983E1F27-F376-48AF-AB10-1EC40C98A8CF}.Release|Any CPU.Build.0 = Release|Any CPU
		{6BFD2CEA-088E-4DEE-8607-90675AA517E1}.Debug|Any CPU.ActiveCfg = Debug|Any CPU
		{6BFD2CEA-088E-4DEE-8607-90675AA517E1}.Debug|Any CPU.Build.0 = Debug|Any CPU
		{6BFD2CEA-088E-4DEE-8607-90675AA517E1}.Release|Any CPU.ActiveCfg = Release|Any CPU
		{6BFD2CEA-088E-4DEE-8607-90675AA517E1}.Release|Any CPU.Build.0 = Release|Any CPU
		{5398F12C-E010-4559-BBE3-627FF0E7F6CF}.Debug|Any CPU.ActiveCfg = Debug|Any CPU
		{5398F12C-E010-4559-BBE3-627FF0E7F6CF}.Debug|Any CPU.Build.0 = Debug|Any CPU
		{5398F12C-E010-4559-BBE3-627FF0E7F6CF}.Release|Any CPU.ActiveCfg = Release|Any CPU
		{5398F12C-E010-4559-BBE3-627FF0E7F6CF}.Release|Any CPU.Build.0 = Release|Any CPU
		{4FC426E3-D282-4F3A-A482-25E372AEB0A4}.Debug|Any CPU.ActiveCfg = Debug|Any CPU
		{4FC426E3-D282-4F3A-A482-25E372AEB0A4}.Debug|Any CPU.Build.0 = Debug|Any CPU
		{4FC426E3-D282-4F3A-A482-25E372AEB0A4}.Release|Any CPU.ActiveCfg = Release|Any CPU
		{4FC426E3-D282-4F3A-A482-25E372AEB0A4}.Release|Any CPU.Build.0 = Release|Any CPU
		{BA3B8F3A-AD1E-4E93-925C-370EF249C13B}.Debug|Any CPU.ActiveCfg = Debug|Any CPU
		{BA3B8F3A-AD1E-4E93-925C-370EF249C13B}.Debug|Any CPU.Build.0 = Debug|Any CPU
		{BA3B8F3A-AD1E-4E93-925C-370EF249C13B}.Release|Any CPU.ActiveCfg = Release|Any CPU
		{BA3B8F3A-AD1E-4E93-925C-370EF249C13B}.Release|Any CPU.Build.0 = Release|Any CPU
		{08293EDE-E09F-4E9C-AE10-3FD7FAE9ADD1}.Debug|Any CPU.ActiveCfg = Debug|Any CPU
		{08293EDE-E09F-4E9C-AE10-3FD7FAE9ADD1}.Debug|Any CPU.Build.0 = Debug|Any CPU
		{08293EDE-E09F-4E9C-AE10-3FD7FAE9ADD1}.Release|Any CPU.ActiveCfg = Release|Any CPU
		{08293EDE-E09F-4E9C-AE10-3FD7FAE9ADD1}.Release|Any CPU.Build.0 = Release|Any CPU
		{D4420E42-2408-4747-A6F8-019CF8FF324D}.Debug|Any CPU.ActiveCfg = Debug|Any CPU
		{D4420E42-2408-4747-A6F8-019CF8FF324D}.Debug|Any CPU.Build.0 = Debug|Any CPU
		{D4420E42-2408-4747-A6F8-019CF8FF324D}.Release|Any CPU.ActiveCfg = Release|Any CPU
		{D4420E42-2408-4747-A6F8-019CF8FF324D}.Release|Any CPU.Build.0 = Release|Any CPU
		{7212F84C-E73A-48AF-91B9-C5AB38804B8D}.Debug|Any CPU.ActiveCfg = Debug|Any CPU
		{7212F84C-E73A-48AF-91B9-C5AB38804B8D}.Debug|Any CPU.Build.0 = Debug|Any CPU
		{7212F84C-E73A-48AF-91B9-C5AB38804B8D}.Release|Any CPU.ActiveCfg = Release|Any CPU
		{7212F84C-E73A-48AF-91B9-C5AB38804B8D}.Release|Any CPU.Build.0 = Release|Any CPU
		{0C64037B-B9F2-4E84-ACB0-7EFEF4C5D80B}.Debug|Any CPU.ActiveCfg = Debug|Any CPU
		{0C64037B-B9F2-4E84-ACB0-7EFEF4C5D80B}.Debug|Any CPU.Build.0 = Debug|Any CPU
		{0C64037B-B9F2-4E84-ACB0-7EFEF4C5D80B}.Release|Any CPU.ActiveCfg = Release|Any CPU
		{0C64037B-B9F2-4E84-ACB0-7EFEF4C5D80B}.Release|Any CPU.Build.0 = Release|Any CPU
	EndGlobalSection
	GlobalSection(SolutionProperties) = preSolution
		HideSolutionNode = FALSE
	EndGlobalSection
	GlobalSection(ExtensibilityGlobals) = postSolution
		SolutionGuid = {8D1300BE-F2DF-4D62-B0B8-CC43855F92B2}
	EndGlobalSection
EndGlobal
